
Microsoft Visual Studio Solution File, Format Version 12.00
# Visual Studio Version 17
VisualStudioVersion = 17.1.32414.318
MinimumVisualStudioVersion = 10.0.40219.1
Project("{9A19103F-16F7-4668-BE54-9A1E7A4F7556}") = "MR223_plugin", "MR223_plugin.csproj", "{96F6EB07-BEA8-45F7-A87C-074E0CA0F4E1}"
EndProject
Global
	GlobalSection(SolutionConfigurationPlatforms) = preSolution
		Debug|Any CPU = Debug|Any CPU
		Release|Any CPU = Release|Any CPU
	EndGlobalSection
	GlobalSection(ProjectConfigurationPlatforms) = postSolution
		{96F6EB07-BEA8-45F7-A87C-074E0CA0F4E1}.Debug|Any CPU.ActiveCfg = Debug|Any CPU
		{96F6EB07-BEA8-45F7-A87C-074E0CA0F4E1}.Debug|Any CPU.Build.0 = Debug|Any CPU
		{96F6EB07-BEA8-45F7-A87C-074E0CA0F4E1}.Release|Any CPU.ActiveCfg = Release|Any CPU
		{96F6EB07-BEA8-45F7-A87C-074E0CA0F4E1}.Release|Any CPU.Build.0 = Release|Any CPU
	EndGlobalSection
	GlobalSection(SolutionProperties) = preSolution
		HideSolutionNode = FALSE
	EndGlobalSection
	GlobalSection(ExtensibilityGlobals) = postSolution
		SolutionGuid = {527D48A4-3E75-44D1-B561-4A38F7333A94}
	EndGlobalSection
EndGlobal
